// !$*UTF8*$!
{
	archiveVersion = 1;
	classes = {
	};
	objectVersion = 46;
	objects = {

/* Begin PBXBuildFile section */
		7D20C5887CD54DC3956F6B6C /* libPods.a in Frameworks */ = {isa = PBXBuildFile; fileRef = B8866C6072864FEAA24A4DB2 /* libPods.a */; };
		9601E93E182AA2CF009A0D60 /* a_02.png in Resources */ = {isa = PBXBuildFile; fileRef = 9601E91A182AA2CF009A0D60 /* a_02.png */; };
		9601E93F182AA2CF009A0D60 /* a_02@2x.png in Resources */ = {isa = PBXBuildFile; fileRef = 9601E91B182AA2CF009A0D60 /* a_02@2x.png */; };
		9601E940182AA2CF009A0D60 /* a_05.png in Resources */ = {isa = PBXBuildFile; fileRef = 9601E91C182AA2CF009A0D60 /* a_05.png */; };
		9601E941182AA2CF009A0D60 /* a_05@2x.png in Resources */ = {isa = PBXBuildFile; fileRef = 9601E91D182AA2CF009A0D60 /* a_05@2x.png */; };
		9601E942182AA2CF009A0D60 /* a_09.png in Resources */ = {isa = PBXBuildFile; fileRef = 9601E91E182AA2CF009A0D60 /* a_09.png */; };
		9601E943182AA2CF009A0D60 /* a_09@2x.png in Resources */ = {isa = PBXBuildFile; fileRef = 9601E91F182AA2CF009A0D60 /* a_09@2x.png */; };
		9601E944182AA2CF009A0D60 /* a_11.png in Resources */ = {isa = PBXBuildFile; fileRef = 9601E920182AA2CF009A0D60 /* a_11.png */; };
		9601E945182AA2CF009A0D60 /* a_11@2x.png in Resources */ = {isa = PBXBuildFile; fileRef = 9601E921182AA2CF009A0D60 /* a_11@2x.png */; };
		9601E946182AA2CF009A0D60 /* bell.png in Resources */ = {isa = PBXBuildFile; fileRef = 9601E922182AA2CF009A0D60 /* bell.png */; };
		9601E947182AA2CF009A0D60 /* bell@2x.png in Resources */ = {isa = PBXBuildFile; fileRef = 9601E923182AA2CF009A0D60 /* bell@2x.png */; };
		9601E948182AA2CF009A0D60 /* bg_back@2x.png in Resources */ = {isa = PBXBuildFile; fileRef = 9601E924182AA2CF009A0D60 /* bg_back@2x.png */; };
		9601E949182AA2CF009A0D60 /* bg_home@2x.png in Resources */ = {isa = PBXBuildFile; fileRef = 9601E925182AA2CF009A0D60 /* bg_home@2x.png */; };
		9601E94A182AA2CF009A0D60 /* bg_tabbar_indi.png in Resources */ = {isa = PBXBuildFile; fileRef = 9601E926182AA2CF009A0D60 /* bg_tabbar_indi.png */; };
		9601E94B182AA2CF009A0D60 /* bg_tabbar_indi@2x.png in Resources */ = {isa = PBXBuildFile; fileRef = 9601E927182AA2CF009A0D60 /* bg_tabbar_indi@2x.png */; };
		9601E94C182AA2CF009A0D60 /* bg_tabbar.png in Resources */ = {isa = PBXBuildFile; fileRef = 9601E928182AA2CF009A0D60 /* bg_tabbar.png */; };
		9601E94D182AA2CF009A0D60 /* bg_tabbar@2x.png in Resources */ = {isa = PBXBuildFile; fileRef = 9601E929182AA2CF009A0D60 /* bg_tabbar@2x.png */; };
		9601E94E182AA2CF009A0D60 /* bgTxtUrl@2x.png in Resources */ = {isa = PBXBuildFile; fileRef = 9601E92A182AA2CF009A0D60 /* bgTxtUrl@2x.png */; };
		9601E94F182AA2CF009A0D60 /* clear@2x.png in Resources */ = {isa = PBXBuildFile; fileRef = 9601E92B182AA2CF009A0D60 /* clear@2x.png */; };
		9601E953182AA2CF009A0D60 /* frs.png in Resources */ = {isa = PBXBuildFile; fileRef = 9601E92F182AA2CF009A0D60 /* frs.png */; };
		9601E954182AA2CF009A0D60 /* frs@2x.png in Resources */ = {isa = PBXBuildFile; fileRef = 9601E930182AA2CF009A0D60 /* frs@2x.png */; };
		9601E955182AA2CF009A0D60 /* handle_arrow_down@2x.png in Resources */ = {isa = PBXBuildFile; fileRef = 9601E931182AA2CF009A0D60 /* handle_arrow_down@2x.png */; };
		9601E956182AA2CF009A0D60 /* handle_arrow_up@2x.png in Resources */ = {isa = PBXBuildFile; fileRef = 9601E932182AA2CF009A0D60 /* handle_arrow_up@2x.png */; };
		9601E957182AA2CF009A0D60 /* handle_body@2x.png in Resources */ = {isa = PBXBuildFile; fileRef = 9601E933182AA2CF009A0D60 /* handle_body@2x.png */; };
		9601E958182AA2CF009A0D60 /* Icon-60.png in Resources */ = {isa = PBXBuildFile; fileRef = 9601E934182AA2CF009A0D60 /* Icon-60.png */; };
		9601E959182AA2CF009A0D60 /* Icon-60@2x.png in Resources */ = {isa = PBXBuildFile; fileRef = 9601E935182AA2CF009A0D60 /* Icon-60@2x.png */; };
		9601E95A182AA2CF009A0D60 /* Icon-72.png in Resources */ = {isa = PBXBuildFile; fileRef = 9601E936182AA2CF009A0D60 /* Icon-72.png */; };
		9601E95B182AA2CF009A0D60 /* Icon-72@2x.png in Resources */ = {isa = PBXBuildFile; fileRef = 9601E937182AA2CF009A0D60 /* Icon-72@2x.png */; };
		9601E95C182AA2CF009A0D60 /* Icon-76.png in Resources */ = {isa = PBXBuildFile; fileRef = 9601E938182AA2CF009A0D60 /* Icon-76.png */; };
		9601E95D182AA2CF009A0D60 /* Icon-76@2x.png in Resources */ = {isa = PBXBuildFile; fileRef = 9601E939182AA2CF009A0D60 /* Icon-76@2x.png */; };
		9601E95E182AA2CF009A0D60 /* Icon.png in Resources */ = {isa = PBXBuildFile; fileRef = 9601E93A182AA2CF009A0D60 /* Icon.png */; };
		9601E95F182AA2CF009A0D60 /* Icon@2x.png in Resources */ = {isa = PBXBuildFile; fileRef = 9601E93B182AA2CF009A0D60 /* Icon@2x.png */; };
		9601E960182AA2CF009A0D60 /* nobell.png in Resources */ = {isa = PBXBuildFile; fileRef = 9601E93C182AA2CF009A0D60 /* nobell.png */; };
		9601E961182AA2CF009A0D60 /* nobell@2x.png in Resources */ = {isa = PBXBuildFile; fileRef = 9601E93D182AA2CF009A0D60 /* nobell@2x.png */; };
		9601E965182AA5DF009A0D60 /* intro1@2x.png in Resources */ = {isa = PBXBuildFile; fileRef = 9601E962182AA5DF009A0D60 /* intro1@2x.png */; };
		9601E966182AA5DF009A0D60 /* intro2@2x.png in Resources */ = {isa = PBXBuildFile; fileRef = 9601E963182AA5DF009A0D60 /* intro2@2x.png */; };
		9601E967182AA5DF009A0D60 /* intro3@2x.png in Resources */ = {isa = PBXBuildFile; fileRef = 9601E964182AA5DF009A0D60 /* intro3@2x.png */; };
		9601E96B182AAB2C009A0D60 /* Default.png in Resources */ = {isa = PBXBuildFile; fileRef = 9601E968182AAB2C009A0D60 /* Default.png */; };
		9601E96C182AAB2C009A0D60 /* Default@2x.png in Resources */ = {isa = PBXBuildFile; fileRef = 9601E969182AAB2C009A0D60 /* Default@2x.png */; };
		9601E96D182AAB2C009A0D60 /* Default-568h@2x.png in Resources */ = {isa = PBXBuildFile; fileRef = 9601E96A182AAB2C009A0D60 /* Default-568h@2x.png */; };
		9612235D17DB847300D27793 /* QVODHelper.m in Sources */ = {isa = PBXBuildFile; fileRef = 9612235C17DB847300D27793 /* QVODHelper.m */; };
		9612236417DB903F00D27793 /* QuartzCore.framework in Frameworks */ = {isa = PBXBuildFile; fileRef = 9612236317DB903F00D27793 /* QuartzCore.framework */; };
		9612236717DB923D00D27793 /* ShakeImageView.m in Sources */ = {isa = PBXBuildFile; fileRef = 9612236617DB923D00D27793 /* ShakeImageView.m */; };
		9612236C17DB99DD00D27793 /* shake_match.mp3 in Resources */ = {isa = PBXBuildFile; fileRef = 9612236B17DB99DD00D27793 /* shake_match.mp3 */; };
		9612236F17DB9A7700D27793 /* SoundUtil.m in Sources */ = {isa = PBXBuildFile; fileRef = 9612236E17DB9A7700D27793 /* SoundUtil.m */; };
		9612237117DB9B6700D27793 /* AVFoundation.framework in Frameworks */ = {isa = PBXBuildFile; fileRef = 9612237017DB9B6700D27793 /* AVFoundation.framework */; };
		9612237517DC118800D27793 /* shake_begin.mp3 in Resources */ = {isa = PBXBuildFile; fileRef = 9612237417DC118800D27793 /* shake_begin.mp3 */; };
		9612237817DC15F000D27793 /* UIUtil.m in Sources */ = {isa = PBXBuildFile; fileRef = 9612237717DC15F000D27793 /* UIUtil.m */; };
		961C626117DA2A4900982CF7 /* DataTableContrller.m in Sources */ = {isa = PBXBuildFile; fileRef = 961C626017DA2A4900982CF7 /* DataTableContrller.m */; };
		961EF84717DC1F3C00B74015 /* failed.wav in Resources */ = {isa = PBXBuildFile; fileRef = 961EF84617DC1F3C00B74015 /* failed.wav */; };
		96492B0C180A747B00356886 /* HandleTableView.m in Sources */ = {isa = PBXBuildFile; fileRef = 96492B0B180A747B00356886 /* HandleTableView.m */; };
		966D3323181581DA00F9963D /* MyUserManager.m in Sources */ = {isa = PBXBuildFile; fileRef = 966D3322181581DA00F9963D /* MyUserManager.m */; };
		966D3326181581EC00F9963D /* User.m in Sources */ = {isa = PBXBuildFile; fileRef = 966D3325181581EC00F9963D /* User.m */; };
		967080CF17BBE46E00147FD5 /* UIKit.framework in Frameworks */ = {isa = PBXBuildFile; fileRef = 967080CE17BBE46E00147FD5 /* UIKit.framework */; };
		967080D117BBE46E00147FD5 /* Foundation.framework in Frameworks */ = {isa = PBXBuildFile; fileRef = 967080D017BBE46E00147FD5 /* Foundation.framework */; };
		967080D317BBE46E00147FD5 /* CoreGraphics.framework in Frameworks */ = {isa = PBXBuildFile; fileRef = 967080D217BBE46E00147FD5 /* CoreGraphics.framework */; };
		967080D917BBE46E00147FD5 /* InfoPlist.strings in Resources */ = {isa = PBXBuildFile; fileRef = 967080D717BBE46E00147FD5 /* InfoPlist.strings */; };
		967080DB17BBE46E00147FD5 /* main.m in Sources */ = {isa = PBXBuildFile; fileRef = 967080DA17BBE46E00147FD5 /* main.m */; };
		967080DF17BBE46E00147FD5 /* AppDelegate.m in Sources */ = {isa = PBXBuildFile; fileRef = 967080DE17BBE46E00147FD5 /* AppDelegate.m */; };
		967080E817BBE46E00147FD5 /* MainStoryboard.storyboard in Resources */ = {isa = PBXBuildFile; fileRef = 967080E617BBE46E00147FD5 /* MainStoryboard.storyboard */; };
		967080EB17BBE46E00147FD5 /* ShakeViewController.m in Sources */ = {isa = PBXBuildFile; fileRef = 967080EA17BBE46E00147FD5 /* ShakeViewController.m */; };
		967347E5181046130008EC46 /* SearchViewController.m in Sources */ = {isa = PBXBuildFile; fileRef = 967347E4181046130008EC46 /* SearchViewController.m */; };
		9687E24217EFC01200642E2F /* QBroswerBar.m in Sources */ = {isa = PBXBuildFile; fileRef = 9687E24117EFC01200642E2F /* QBroswerBar.m */; };
		968CF6C4180B6F8300821E76 /* video_data.plist in Resources */ = {isa = PBXBuildFile; fileRef = 968CF6C3180B6F8300821E76 /* video_data.plist */; };
		969833FA17EDEA81007FDB02 /* TabViewController.m in Sources */ = {isa = PBXBuildFile; fileRef = 969833F917EDEA81007FDB02 /* TabViewController.m */; };
		969833FD17EDF7BC007FDB02 /* BrowserViewController.m in Sources */ = {isa = PBXBuildFile; fileRef = 969833FC17EDF7BC007FDB02 /* BrowserViewController.m */; };
		9698340017EDF98C007FDB02 /* UIColor+Hex.m in Sources */ = {isa = PBXBuildFile; fileRef = 969833FF17EDF98C007FDB02 /* UIColor+Hex.m */; };
		9699FF051827E3E80090BE88 /* IntruduceViewController.m in Sources */ = {isa = PBXBuildFile; fileRef = 9699FF041827E3E80090BE88 /* IntruduceViewController.m */; };
		9699FF081827F48F0090BE88 /* IntruducePageController.m in Sources */ = {isa = PBXBuildFile; fileRef = 9699FF071827F48F0090BE88 /* IntruducePageController.m */; };
		9699FF0E1827F7B20090BE88 /* IntruduceDataSource.m in Sources */ = {isa = PBXBuildFile; fileRef = 9699FF0D1827F7B20090BE88 /* IntruduceDataSource.m */; };
		969A7044181D241100DFEDA8 /* MyWebView.m in Sources */ = {isa = PBXBuildFile; fileRef = 969A7043181D241100DFEDA8 /* MyWebView.m */; };
		969A7059181D358B00DFEDA8 /* MyUITextField.m in Sources */ = {isa = PBXBuildFile; fileRef = 969A7058181D358B00DFEDA8 /* MyUITextField.m */; };
		96C9123C183AE4F600F8D9BD /* BannerViewController.m in Sources */ = {isa = PBXBuildFile; fileRef = 96C9123B183AE4F600F8D9BD /* BannerViewController.m */; };
		96E33D37181B4CCF0031484D /* libMobClickLibrary.a in Frameworks */ = {isa = PBXBuildFile; fileRef = 96E33D35181B46C50031484D /* libMobClickLibrary.a */; };
		96E33D3B181B4DC70031484D /* libz.dylib in Frameworks */ = {isa = PBXBuildFile; fileRef = 96E33D3A181B4DC70031484D /* libz.dylib */; };
		96E33D3F181B50620031484D /* MobClickHelper.m in Sources */ = {isa = PBXBuildFile; fileRef = 96E33D3E181B50620031484D /* MobClickHelper.m */; };
		96F7B6F817BBF6C90098A18E /* ResouceApi.m in Sources */ = {isa = PBXBuildFile; fileRef = 96F7B6F717BBF6C90098A18E /* ResouceApi.m */; };
		96F883AA181967FD0057B1B8 /* UIDevice+Common.m in Sources */ = {isa = PBXBuildFile; fileRef = 96F883A9181967FD0057B1B8 /* UIDevice+Common.m */; };
		96F883B018196C070057B1B8 /* AudioToolbox.framework in Frameworks */ = {isa = PBXBuildFile; fileRef = 96F883AC18196A940057B1B8 /* AudioToolbox.framework */; };
		96F883B71819709D0057B1B8 /* Setting.m in Sources */ = {isa = PBXBuildFile; fileRef = 96F883B61819709D0057B1B8 /* Setting.m */; };
		96FD720A180AF7290002FD00 /* head_1@2x.png in Resources */ = {isa = PBXBuildFile; fileRef = 96FD7209180AF7290002FD00 /* head_1@2x.png */; };
		96FD723A180AF7880002FD00 /* head_48@2x.png in Resources */ = {isa = PBXBuildFile; fileRef = 96FD720B180AF7870002FD00 /* head_48@2x.png */; };
		96FD723B180AF7880002FD00 /* head_33@2x.png in Resources */ = {isa = PBXBuildFile; fileRef = 96FD720C180AF7870002FD00 /* head_33@2x.png */; };
		96FD723C180AF7880002FD00 /* head_34@2x.png in Resources */ = {isa = PBXBuildFile; fileRef = 96FD720D180AF7870002FD00 /* head_34@2x.png */; };
		96FD723D180AF7880002FD00 /* head_35@2x.png in Resources */ = {isa = PBXBuildFile; fileRef = 96FD720E180AF7870002FD00 /* head_35@2x.png */; };
		96FD723E180AF7880002FD00 /* head_36@2x.png in Resources */ = {isa = PBXBuildFile; fileRef = 96FD720F180AF7870002FD00 /* head_36@2x.png */; };
		96FD723F180AF7880002FD00 /* head_37@2x.png in Resources */ = {isa = PBXBuildFile; fileRef = 96FD7210180AF7870002FD00 /* head_37@2x.png */; };
		96FD7240180AF7880002FD00 /* head_38@2x.png in Resources */ = {isa = PBXBuildFile; fileRef = 96FD7211180AF7870002FD00 /* head_38@2x.png */; };
		96FD7241180AF7880002FD00 /* head_39@2x.png in Resources */ = {isa = PBXBuildFile; fileRef = 96FD7212180AF7870002FD00 /* head_39@2x.png */; };
		96FD7242180AF7880002FD00 /* head_40@2x.png in Resources */ = {isa = PBXBuildFile; fileRef = 96FD7213180AF7870002FD00 /* head_40@2x.png */; };
		96FD7243180AF7880002FD00 /* head_41@2x.png in Resources */ = {isa = PBXBuildFile; fileRef = 96FD7214180AF7870002FD00 /* head_41@2x.png */; };
		96FD7244180AF7880002FD00 /* head_42@2x.png in Resources */ = {isa = PBXBuildFile; fileRef = 96FD7215180AF7870002FD00 /* head_42@2x.png */; };
		96FD7245180AF7880002FD00 /* head_43@2x.png in Resources */ = {isa = PBXBuildFile; fileRef = 96FD7216180AF7870002FD00 /* head_43@2x.png */; };
		96FD7246180AF7880002FD00 /* head_44@2x.png in Resources */ = {isa = PBXBuildFile; fileRef = 96FD7217180AF7870002FD00 /* head_44@2x.png */; };
		96FD7247180AF7880002FD00 /* head_45@2x.png in Resources */ = {isa = PBXBuildFile; fileRef = 96FD7218180AF7870002FD00 /* head_45@2x.png */; };
		96FD7248180AF7880002FD00 /* head_46@2x.png in Resources */ = {isa = PBXBuildFile; fileRef = 96FD7219180AF7870002FD00 /* head_46@2x.png */; };
		96FD7249180AF7880002FD00 /* head_47@2x.png in Resources */ = {isa = PBXBuildFile; fileRef = 96FD721A180AF7870002FD00 /* head_47@2x.png */; };
		96FD724A180AF7880002FD00 /* head_19@2x.png in Resources */ = {isa = PBXBuildFile; fileRef = 96FD721B180AF7870002FD00 /* head_19@2x.png */; };
		96FD724B180AF7880002FD00 /* head_20@2x.png in Resources */ = {isa = PBXBuildFile; fileRef = 96FD721C180AF7870002FD00 /* head_20@2x.png */; };
		96FD724C180AF7880002FD00 /* head_21@2x.png in Resources */ = {isa = PBXBuildFile; fileRef = 96FD721D180AF7870002FD00 /* head_21@2x.png */; };
		96FD724D180AF7880002FD00 /* head_22@2x.png in Resources */ = {isa = PBXBuildFile; fileRef = 96FD721E180AF7870002FD00 /* head_22@2x.png */; };
		96FD724E180AF7880002FD00 /* head_23@2x.png in Resources */ = {isa = PBXBuildFile; fileRef = 96FD721F180AF7870002FD00 /* head_23@2x.png */; };
		96FD724F180AF7880002FD00 /* head_24@2x.png in Resources */ = {isa = PBXBuildFile; fileRef = 96FD7220180AF7870002FD00 /* head_24@2x.png */; };
		96FD7250180AF7880002FD00 /* head_25@2x.png in Resources */ = {isa = PBXBuildFile; fileRef = 96FD7221180AF7870002FD00 /* head_25@2x.png */; };
		96FD7251180AF7880002FD00 /* head_26@2x.png in Resources */ = {isa = PBXBuildFile; fileRef = 96FD7222180AF7870002FD00 /* head_26@2x.png */; };
		96FD7252180AF7880002FD00 /* head_27@2x.png in Resources */ = {isa = PBXBuildFile; fileRef = 96FD7223180AF7870002FD00 /* head_27@2x.png */; };
		96FD7253180AF7880002FD00 /* head_28@2x.png in Resources */ = {isa = PBXBuildFile; fileRef = 96FD7224180AF7870002FD00 /* head_28@2x.png */; };
		96FD7254180AF7880002FD00 /* head_29@2x.png in Resources */ = {isa = PBXBuildFile; fileRef = 96FD7225180AF7870002FD00 /* head_29@2x.png */; };
		96FD7255180AF7880002FD00 /* head_30@2x.png in Resources */ = {isa = PBXBuildFile; fileRef = 96FD7226180AF7870002FD00 /* head_30@2x.png */; };
		96FD7256180AF7880002FD00 /* head_31@2x.png in Resources */ = {isa = PBXBuildFile; fileRef = 96FD7227180AF7870002FD00 /* head_31@2x.png */; };
		96FD7257180AF7880002FD00 /* head_32@2x.png in Resources */ = {isa = PBXBuildFile; fileRef = 96FD7228180AF7870002FD00 /* head_32@2x.png */; };
		96FD7258180AF7880002FD00 /* head_6@2x.png in Resources */ = {isa = PBXBuildFile; fileRef = 96FD7229180AF7870002FD00 /* head_6@2x.png */; };
		96FD7259180AF7880002FD00 /* head_7@2x.png in Resources */ = {isa = PBXBuildFile; fileRef = 96FD722A180AF7870002FD00 /* head_7@2x.png */; };
		96FD725A180AF7880002FD00 /* head_8@2x.png in Resources */ = {isa = PBXBuildFile; fileRef = 96FD722B180AF7870002FD00 /* head_8@2x.png */; };
		96FD725B180AF7880002FD00 /* head_9@2x.png in Resources */ = {isa = PBXBuildFile; fileRef = 96FD722C180AF7870002FD00 /* head_9@2x.png */; };
		96FD725C180AF7880002FD00 /* head_10@2x.png in Resources */ = {isa = PBXBuildFile; fileRef = 96FD722D180AF7870002FD00 /* head_10@2x.png */; };
		96FD725D180AF7880002FD00 /* head_11@2x.png in Resources */ = {isa = PBXBuildFile; fileRef = 96FD722E180AF7870002FD00 /* head_11@2x.png */; };
		96FD725E180AF7880002FD00 /* head_12@2x.png in Resources */ = {isa = PBXBuildFile; fileRef = 96FD722F180AF7870002FD00 /* head_12@2x.png */; };
		96FD725F180AF7880002FD00 /* head_13@2x.png in Resources */ = {isa = PBXBuildFile; fileRef = 96FD7230180AF7870002FD00 /* head_13@2x.png */; };
		96FD7260180AF7880002FD00 /* head_14@2x.png in Resources */ = {isa = PBXBuildFile; fileRef = 96FD7231180AF7870002FD00 /* head_14@2x.png */; };
		96FD7261180AF7880002FD00 /* head_15@2x.png in Resources */ = {isa = PBXBuildFile; fileRef = 96FD7232180AF7870002FD00 /* head_15@2x.png */; };
		96FD7262180AF7880002FD00 /* head_16@2x.png in Resources */ = {isa = PBXBuildFile; fileRef = 96FD7233180AF7870002FD00 /* head_16@2x.png */; };
		96FD7263180AF7880002FD00 /* head_17@2x.png in Resources */ = {isa = PBXBuildFile; fileRef = 96FD7234180AF7870002FD00 /* head_17@2x.png */; };
		96FD7264180AF7880002FD00 /* head_18@2x.png in Resources */ = {isa = PBXBuildFile; fileRef = 96FD7235180AF7870002FD00 /* head_18@2x.png */; };
		96FD7265180AF7880002FD00 /* head_2@2x.png in Resources */ = {isa = PBXBuildFile; fileRef = 96FD7236180AF7880002FD00 /* head_2@2x.png */; };
		96FD7266180AF7880002FD00 /* head_3@2x.png in Resources */ = {isa = PBXBuildFile; fileRef = 96FD7237180AF7880002FD00 /* head_3@2x.png */; };
		96FD7267180AF7880002FD00 /* head_4@2x.png in Resources */ = {isa = PBXBuildFile; fileRef = 96FD7238180AF7880002FD00 /* head_4@2x.png */; };
		96FD7268180AF7880002FD00 /* head_5@2x.png in Resources */ = {isa = PBXBuildFile; fileRef = 96FD7239180AF7880002FD00 /* head_5@2x.png */; };
		96FD726B180AF99E0002FD00 /* MyUITableViewCell.m in Sources */ = {isa = PBXBuildFile; fileRef = 96FD726A180AF99E0002FD00 /* MyUITableViewCell.m */; };
/* End PBXBuildFile section */

/* Begin PBXFileReference section */
		547ACAEA37E7448A845B8D91 /* Pods.xcconfig */ = {isa = PBXFileReference; includeInIndex = 1; lastKnownFileType = text.xcconfig; name = Pods.xcconfig; path = Pods/Pods.xcconfig; sourceTree = SOURCE_ROOT; };
		9601E91A182AA2CF009A0D60 /* a_02.png */ = {isa = PBXFileReference; lastKnownFileType = image.png; name = a_02.png; path = icon/a_02.png; sourceTree = "<group>"; };
		9601E91B182AA2CF009A0D60 /* a_02@2x.png */ = {isa = PBXFileReference; lastKnownFileType = image.png; name = "a_02@2x.png"; path = "icon/a_02@2x.png"; sourceTree = "<group>"; };
		9601E91C182AA2CF009A0D60 /* a_05.png */ = {isa = PBXFileReference; lastKnownFileType = image.png; name = a_05.png; path = icon/a_05.png; sourceTree = "<group>"; };
		9601E91D182AA2CF009A0D60 /* a_05@2x.png */ = {isa = PBXFileReference; lastKnownFileType = image.png; name = "a_05@2x.png"; path = "icon/a_05@2x.png"; sourceTree = "<group>"; };
		9601E91E182AA2CF009A0D60 /* a_09.png */ = {isa = PBXFileReference; lastKnownFileType = image.png; name = a_09.png; path = icon/a_09.png; sourceTree = "<group>"; };
		9601E91F182AA2CF009A0D60 /* a_09@2x.png */ = {isa = PBXFileReference; lastKnownFileType = image.png; name = "a_09@2x.png"; path = "icon/a_09@2x.png"; sourceTree = "<group>"; };
		9601E920182AA2CF009A0D60 /* a_11.png */ = {isa = PBXFileReference; lastKnownFileType = image.png; name = a_11.png; path = icon/a_11.png; sourceTree = "<group>"; };
		9601E921182AA2CF009A0D60 /* a_11@2x.png */ = {isa = PBXFileReference; lastKnownFileType = image.png; name = "a_11@2x.png"; path = "icon/a_11@2x.png"; sourceTree = "<group>"; };
		9601E922182AA2CF009A0D60 /* bell.png */ = {isa = PBXFileReference; lastKnownFileType = image.png; name = bell.png; path = icon/bell.png; sourceTree = "<group>"; };
		9601E923182AA2CF009A0D60 /* bell@2x.png */ = {isa = PBXFileReference; lastKnownFileType = image.png; name = "bell@2x.png"; path = "icon/bell@2x.png"; sourceTree = "<group>"; };
		9601E924182AA2CF009A0D60 /* bg_back@2x.png */ = {isa = PBXFileReference; lastKnownFileType = image.png; name = "bg_back@2x.png"; path = "icon/bg_back@2x.png"; sourceTree = "<group>"; };
		9601E925182AA2CF009A0D60 /* bg_home@2x.png */ = {isa = PBXFileReference; lastKnownFileType = image.png; name = "bg_home@2x.png"; path = "icon/bg_home@2x.png"; sourceTree = "<group>"; };
		9601E926182AA2CF009A0D60 /* bg_tabbar_indi.png */ = {isa = PBXFileReference; lastKnownFileType = image.png; name = bg_tabbar_indi.png; path = icon/bg_tabbar_indi.png; sourceTree = "<group>"; };
		9601E927182AA2CF009A0D60 /* bg_tabbar_indi@2x.png */ = {isa = PBXFileReference; lastKnownFileType = image.png; name = "bg_tabbar_indi@2x.png"; path = "icon/bg_tabbar_indi@2x.png"; sourceTree = "<group>"; };
		9601E928182AA2CF009A0D60 /* bg_tabbar.png */ = {isa = PBXFileReference; lastKnownFileType = image.png; name = bg_tabbar.png; path = icon/bg_tabbar.png; sourceTree = "<group>"; };
		9601E929182AA2CF009A0D60 /* bg_tabbar@2x.png */ = {isa = PBXFileReference; lastKnownFileType = image.png; name = "bg_tabbar@2x.png"; path = "icon/bg_tabbar@2x.png"; sourceTree = "<group>"; };
		9601E92A182AA2CF009A0D60 /* bgTxtUrl@2x.png */ = {isa = PBXFileReference; lastKnownFileType = image.png; name = "bgTxtUrl@2x.png"; path = "icon/bgTxtUrl@2x.png"; sourceTree = "<group>"; };
		9601E92B182AA2CF009A0D60 /* clear@2x.png */ = {isa = PBXFileReference; lastKnownFileType = image.png; name = "clear@2x.png"; path = "icon/clear@2x.png"; sourceTree = "<group>"; };
		9601E92F182AA2CF009A0D60 /* frs.png */ = {isa = PBXFileReference; lastKnownFileType = image.png; name = frs.png; path = icon/frs.png; sourceTree = "<group>"; };
		9601E930182AA2CF009A0D60 /* frs@2x.png */ = {isa = PBXFileReference; lastKnownFileType = image.png; name = "frs@2x.png"; path = "icon/frs@2x.png"; sourceTree = "<group>"; };
		9601E931182AA2CF009A0D60 /* handle_arrow_down@2x.png */ = {isa = PBXFileReference; lastKnownFileType = image.png; name = "handle_arrow_down@2x.png"; path = "icon/handle_arrow_down@2x.png"; sourceTree = "<group>"; };
		9601E932182AA2CF009A0D60 /* handle_arrow_up@2x.png */ = {isa = PBXFileReference; lastKnownFileType = image.png; name = "handle_arrow_up@2x.png"; path = "icon/handle_arrow_up@2x.png"; sourceTree = "<group>"; };
		9601E933182AA2CF009A0D60 /* handle_body@2x.png */ = {isa = PBXFileReference; lastKnownFileType = image.png; name = "handle_body@2x.png"; path = "icon/handle_body@2x.png"; sourceTree = "<group>"; };
		9601E934182AA2CF009A0D60 /* Icon-60.png */ = {isa = PBXFileReference; lastKnownFileType = image.png; name = "Icon-60.png"; path = "icon/Icon-60.png"; sourceTree = "<group>"; };
		9601E935182AA2CF009A0D60 /* Icon-60@2x.png */ = {isa = PBXFileReference; lastKnownFileType = image.png; name = "Icon-60@2x.png"; path = "icon/Icon-60@2x.png"; sourceTree = "<group>"; };
		9601E936182AA2CF009A0D60 /* Icon-72.png */ = {isa = PBXFileReference; lastKnownFileType = image.png; name = "Icon-72.png"; path = "icon/Icon-72.png"; sourceTree = "<group>"; };
		9601E937182AA2CF009A0D60 /* Icon-72@2x.png */ = {isa = PBXFileReference; lastKnownFileType = image.png; name = "Icon-72@2x.png"; path = "icon/Icon-72@2x.png"; sourceTree = "<group>"; };
		9601E938182AA2CF009A0D60 /* Icon-76.png */ = {isa = PBXFileReference; lastKnownFileType = image.png; name = "Icon-76.png"; path = "icon/Icon-76.png"; sourceTree = "<group>"; };
		9601E939182AA2CF009A0D60 /* Icon-76@2x.png */ = {isa = PBXFileReference; lastKnownFileType = image.png; name = "Icon-76@2x.png"; path = "icon/Icon-76@2x.png"; sourceTree = "<group>"; };
		9601E93A182AA2CF009A0D60 /* Icon.png */ = {isa = PBXFileReference; lastKnownFileType = image.png; name = Icon.png; path = icon/Icon.png; sourceTree = "<group>"; };
		9601E93B182AA2CF009A0D60 /* Icon@2x.png */ = {isa = PBXFileReference; lastKnownFileType = image.png; name = "Icon@2x.png"; path = "icon/Icon@2x.png"; sourceTree = "<group>"; };
		9601E93C182AA2CF009A0D60 /* nobell.png */ = {isa = PBXFileReference; lastKnownFileType = image.png; name = nobell.png; path = icon/nobell.png; sourceTree = "<group>"; };
		9601E93D182AA2CF009A0D60 /* nobell@2x.png */ = {isa = PBXFileReference; lastKnownFileType = image.png; name = "nobell@2x.png"; path = "icon/nobell@2x.png"; sourceTree = "<group>"; };
		9601E962182AA5DF009A0D60 /* intro1@2x.png */ = {isa = PBXFileReference; lastKnownFileType = image.png; name = "intro1@2x.png"; path = "icon/intro1@2x.png"; sourceTree = "<group>"; };
		9601E963182AA5DF009A0D60 /* intro2@2x.png */ = {isa = PBXFileReference; lastKnownFileType = image.png; name = "intro2@2x.png"; path = "icon/intro2@2x.png"; sourceTree = "<group>"; };
		9601E964182AA5DF009A0D60 /* intro3@2x.png */ = {isa = PBXFileReference; lastKnownFileType = image.png; name = "intro3@2x.png"; path = "icon/intro3@2x.png"; sourceTree = "<group>"; };
		9601E968182AAB2C009A0D60 /* Default.png */ = {isa = PBXFileReference; lastKnownFileType = image.png; name = Default.png; path = icon/Default.png; sourceTree = "<group>"; };
		9601E969182AAB2C009A0D60 /* Default@2x.png */ = {isa = PBXFileReference; lastKnownFileType = image.png; name = "Default@2x.png"; path = "icon/Default@2x.png"; sourceTree = "<group>"; };
		9601E96A182AAB2C009A0D60 /* Default-568h@2x.png */ = {isa = PBXFileReference; lastKnownFileType = image.png; name = "Default-568h@2x.png"; path = "icon/Default-568h@2x.png"; sourceTree = "<group>"; };
		9612235B17DB847300D27793 /* QVODHelper.h */ = {isa = PBXFileReference; fileEncoding = 4; lastKnownFileType = sourcecode.c.h; path = QVODHelper.h; sourceTree = "<group>"; };
		9612235C17DB847300D27793 /* QVODHelper.m */ = {isa = PBXFileReference; fileEncoding = 4; lastKnownFileType = sourcecode.c.objc; path = QVODHelper.m; sourceTree = "<group>"; };
		9612236317DB903F00D27793 /* QuartzCore.framework */ = {isa = PBXFileReference; lastKnownFileType = wrapper.framework; name = QuartzCore.framework; path = System/Library/Frameworks/QuartzCore.framework; sourceTree = SDKROOT; };
		9612236517DB923D00D27793 /* ShakeImageView.h */ = {isa = PBXFileReference; fileEncoding = 4; lastKnownFileType = sourcecode.c.h; path = ShakeImageView.h; sourceTree = "<group>"; };
		9612236617DB923D00D27793 /* ShakeImageView.m */ = {isa = PBXFileReference; fileEncoding = 4; lastKnownFileType = sourcecode.c.objc; path = ShakeImageView.m; sourceTree = "<group>"; };
		9612236817DB930800D27793 /* ShakeImageViewDelegate.h */ = {isa = PBXFileReference; fileEncoding = 4; lastKnownFileType = sourcecode.c.h; path = ShakeImageViewDelegate.h; sourceTree = "<group>"; };
		9612236B17DB99DD00D27793 /* shake_match.mp3 */ = {isa = PBXFileReference; lastKnownFileType = audio.mp3; path = shake_match.mp3; sourceTree = "<group>"; };
		9612236D17DB9A7700D27793 /* SoundUtil.h */ = {isa = PBXFileReference; fileEncoding = 4; lastKnownFileType = sourcecode.c.h; path = SoundUtil.h; sourceTree = "<group>"; };
		9612236E17DB9A7700D27793 /* SoundUtil.m */ = {isa = PBXFileReference; fileEncoding = 4; lastKnownFileType = sourcecode.c.objc; path = SoundUtil.m; sourceTree = "<group>"; };
		9612237017DB9B6700D27793 /* AVFoundation.framework */ = {isa = PBXFileReference; lastKnownFileType = wrapper.framework; name = AVFoundation.framework; path = System/Library/Frameworks/AVFoundation.framework; sourceTree = SDKROOT; };
		9612237417DC118800D27793 /* shake_begin.mp3 */ = {isa = PBXFileReference; lastKnownFileType = audio.mp3; path = shake_begin.mp3; sourceTree = "<group>"; };
		9612237617DC15F000D27793 /* UIUtil.h */ = {isa = PBXFileReference; fileEncoding = 4; lastKnownFileType = sourcecode.c.h; path = UIUtil.h; sourceTree = "<group>"; };
		9612237717DC15F000D27793 /* UIUtil.m */ = {isa = PBXFileReference; fileEncoding = 4; lastKnownFileType = sourcecode.c.objc; path = UIUtil.m; sourceTree = "<group>"; };
		961705C617F201000074E6BB /* QBroswerBarDelegate.h */ = {isa = PBXFileReference; lastKnownFileType = sourcecode.c.h; path = QBroswerBarDelegate.h; sourceTree = "<group>"; };
		961C625F17DA2A4900982CF7 /* DataTableContrller.h */ = {isa = PBXFileReference; fileEncoding = 4; lastKnownFileType = sourcecode.c.h; path = DataTableContrller.h; sourceTree = "<group>"; };
		961C626017DA2A4900982CF7 /* DataTableContrller.m */ = {isa = PBXFileReference; fileEncoding = 4; lastKnownFileType = sourcecode.c.objc; path = DataTableContrller.m; sourceTree = "<group>"; };
		961EF84617DC1F3C00B74015 /* failed.wav */ = {isa = PBXFileReference; lastKnownFileType = audio.wav; path = failed.wav; sourceTree = "<group>"; };
		96492B0A180A747B00356886 /* HandleTableView.h */ = {isa = PBXFileReference; fileEncoding = 4; lastKnownFileType = sourcecode.c.h; path = HandleTableView.h; sourceTree = "<group>"; };
		96492B0B180A747B00356886 /* HandleTableView.m */ = {isa = PBXFileReference; fileEncoding = 4; lastKnownFileType = sourcecode.c.objc; path = HandleTableView.m; sourceTree = "<group>"; };
		966D3321181581DA00F9963D /* MyUserManager.h */ = {isa = PBXFileReference; fileEncoding = 4; lastKnownFileType = sourcecode.c.h; path = MyUserManager.h; sourceTree = "<group>"; };
		966D3322181581DA00F9963D /* MyUserManager.m */ = {isa = PBXFileReference; fileEncoding = 4; lastKnownFileType = sourcecode.c.objc; path = MyUserManager.m; sourceTree = "<group>"; };
		966D3324181581EC00F9963D /* User.h */ = {isa = PBXFileReference; fileEncoding = 4; lastKnownFileType = sourcecode.c.h; path = User.h; sourceTree = "<group>"; };
		966D3325181581EC00F9963D /* User.m */ = {isa = PBXFileReference; fileEncoding = 4; lastKnownFileType = sourcecode.c.objc; path = User.m; sourceTree = "<group>"; };
		967080CB17BBE46E00147FD5 /* qshake.temp_caseinsensitive_rename.app */ = {isa = PBXFileReference; explicitFileType = wrapper.application; includeInIndex = 0; path = qshake.temp_caseinsensitive_rename.app; sourceTree = BUILT_PRODUCTS_DIR; };
		967080CE17BBE46E00147FD5 /* UIKit.framework */ = {isa = PBXFileReference; lastKnownFileType = wrapper.framework; name = UIKit.framework; path = System/Library/Frameworks/UIKit.framework; sourceTree = SDKROOT; };
		967080D017BBE46E00147FD5 /* Foundation.framework */ = {isa = PBXFileReference; lastKnownFileType = wrapper.framework; name = Foundation.framework; path = System/Library/Frameworks/Foundation.framework; sourceTree = SDKROOT; };
		967080D217BBE46E00147FD5 /* CoreGraphics.framework */ = {isa = PBXFileReference; lastKnownFileType = wrapper.framework; name = CoreGraphics.framework; path = System/Library/Frameworks/CoreGraphics.framework; sourceTree = SDKROOT; };
		967080D617BBE46E00147FD5 /* qshake.temp_caseinsensitive_rename-Info.plist */ = {isa = PBXFileReference; lastKnownFileType = text.plist; path = "qshake.temp_caseinsensitive_rename-Info.plist"; sourceTree = "<group>"; };
		967080D817BBE46E00147FD5 /* en */ = {isa = PBXFileReference; lastKnownFileType = text.plist.strings; name = en; path = en.lproj/InfoPlist.strings; sourceTree = "<group>"; };
		967080DA17BBE46E00147FD5 /* main.m */ = {isa = PBXFileReference; lastKnownFileType = sourcecode.c.objc; path = main.m; sourceTree = "<group>"; };
		967080DC17BBE46E00147FD5 /* qshake.temp_caseinsensitive_rename-Prefix.pch */ = {isa = PBXFileReference; lastKnownFileType = sourcecode.c.h; path = "qshake.temp_caseinsensitive_rename-Prefix.pch"; sourceTree = "<group>"; };
		967080DD17BBE46E00147FD5 /* AppDelegate.h */ = {isa = PBXFileReference; lastKnownFileType = sourcecode.c.h; path = AppDelegate.h; sourceTree = "<group>"; };
		967080DE17BBE46E00147FD5 /* AppDelegate.m */ = {isa = PBXFileReference; lastKnownFileType = sourcecode.c.objc; path = AppDelegate.m; sourceTree = "<group>"; };
		967080E717BBE46E00147FD5 /* en */ = {isa = PBXFileReference; lastKnownFileType = file.storyboard; name = en; path = en.lproj/MainStoryboard.storyboard; sourceTree = "<group>"; };
		967080E917BBE46E00147FD5 /* ShakeViewController.h */ = {isa = PBXFileReference; lastKnownFileType = sourcecode.c.h; path = ShakeViewController.h; sourceTree = "<group>"; };
		967080EA17BBE46E00147FD5 /* ShakeViewController.m */ = {isa = PBXFileReference; lastKnownFileType = sourcecode.c.objc; path = ShakeViewController.m; sourceTree = "<group>"; };
		967347E0181040D70008EC46 /* qshake.temp_caseinsensitive_rename copy-Info.plist */ = {isa = PBXFileReference; lastKnownFileType = text.plist.xml; path = "qshake.temp_caseinsensitive_rename copy-Info.plist"; sourceTree = "<group>"; };
		967347E3181046130008EC46 /* SearchViewController.h */ = {isa = PBXFileReference; fileEncoding = 4; lastKnownFileType = sourcecode.c.h; path = SearchViewController.h; sourceTree = "<group>"; };
		967347E4181046130008EC46 /* SearchViewController.m */ = {isa = PBXFileReference; fileEncoding = 4; lastKnownFileType = sourcecode.c.objc; path = SearchViewController.m; sourceTree = "<group>"; };
		9687E24017EFC01200642E2F /* QBroswerBar.h */ = {isa = PBXFileReference; fileEncoding = 4; lastKnownFileType = sourcecode.c.h; path = QBroswerBar.h; sourceTree = "<group>"; };
		9687E24117EFC01200642E2F /* QBroswerBar.m */ = {isa = PBXFileReference; fileEncoding = 4; lastKnownFileType = sourcecode.c.objc; path = QBroswerBar.m; sourceTree = "<group>"; };
		968CF6C3180B6F8300821E76 /* video_data.plist */ = {isa = PBXFileReference; fileEncoding = 4; lastKnownFileType = text.plist.xml; path = video_data.plist; sourceTree = "<group>"; };
		969833F817EDEA81007FDB02 /* TabViewController.h */ = {isa = PBXFileReference; fileEncoding = 4; lastKnownFileType = sourcecode.c.h; path = TabViewController.h; sourceTree = "<group>"; };
		969833F917EDEA81007FDB02 /* TabViewController.m */ = {isa = PBXFileReference; fileEncoding = 4; lastKnownFileType = sourcecode.c.objc; path = TabViewController.m; sourceTree = "<group>"; };
		969833FB17EDF7BC007FDB02 /* BrowserViewController.h */ = {isa = PBXFileReference; fileEncoding = 4; lastKnownFileType = sourcecode.c.h; path = BrowserViewController.h; sourceTree = "<group>"; };
		969833FC17EDF7BC007FDB02 /* BrowserViewController.m */ = {isa = PBXFileReference; fileEncoding = 4; lastKnownFileType = sourcecode.c.objc; path = BrowserViewController.m; sourceTree = "<group>"; };
		969833FE17EDF98C007FDB02 /* UIColor+Hex.h */ = {isa = PBXFileReference; fileEncoding = 4; lastKnownFileType = sourcecode.c.h; path = "UIColor+Hex.h"; sourceTree = "<group>"; };
		969833FF17EDF98C007FDB02 /* UIColor+Hex.m */ = {isa = PBXFileReference; fileEncoding = 4; lastKnownFileType = sourcecode.c.objc; path = "UIColor+Hex.m"; sourceTree = "<group>"; };
		9699FF031827E3E80090BE88 /* IntruduceViewController.h */ = {isa = PBXFileReference; fileEncoding = 4; lastKnownFileType = sourcecode.c.h; path = IntruduceViewController.h; sourceTree = "<group>"; };
		9699FF041827E3E80090BE88 /* IntruduceViewController.m */ = {isa = PBXFileReference; fileEncoding = 4; lastKnownFileType = sourcecode.c.objc; path = IntruduceViewController.m; sourceTree = "<group>"; };
		9699FF061827F48F0090BE88 /* IntruducePageController.h */ = {isa = PBXFileReference; fileEncoding = 4; lastKnownFileType = sourcecode.c.h; path = IntruducePageController.h; sourceTree = "<group>"; };
		9699FF071827F48F0090BE88 /* IntruducePageController.m */ = {isa = PBXFileReference; fileEncoding = 4; lastKnownFileType = sourcecode.c.objc; path = IntruducePageController.m; sourceTree = "<group>"; };
		9699FF0C1827F7B20090BE88 /* IntruduceDataSource.h */ = {isa = PBXFileReference; fileEncoding = 4; lastKnownFileType = sourcecode.c.h; path = IntruduceDataSource.h; sourceTree = "<group>"; };
		9699FF0D1827F7B20090BE88 /* IntruduceDataSource.m */ = {isa = PBXFileReference; fileEncoding = 4; lastKnownFileType = sourcecode.c.objc; path = IntruduceDataSource.m; sourceTree = "<group>"; };
		969A7042181D241100DFEDA8 /* MyWebView.h */ = {isa = PBXFileReference; fileEncoding = 4; lastKnownFileType = sourcecode.c.h; path = MyWebView.h; sourceTree = "<group>"; };
		969A7043181D241100DFEDA8 /* MyWebView.m */ = {isa = PBXFileReference; fileEncoding = 4; lastKnownFileType = sourcecode.c.objc; path = MyWebView.m; sourceTree = "<group>"; };
		969A7057181D358B00DFEDA8 /* MyUITextField.h */ = {isa = PBXFileReference; fileEncoding = 4; lastKnownFileType = sourcecode.c.h; name = MyUITextField.h; path = ../MyUITextField.h; sourceTree = "<group>"; };
		969A7058181D358B00DFEDA8 /* MyUITextField.m */ = {isa = PBXFileReference; fileEncoding = 4; lastKnownFileType = sourcecode.c.objc; name = MyUITextField.m; path = ../MyUITextField.m; sourceTree = "<group>"; };
		96C9123A183AE4F600F8D9BD /* BannerViewController.h */ = {isa = PBXFileReference; fileEncoding = 4; lastKnownFileType = sourcecode.c.h; path = BannerViewController.h; sourceTree = "<group>"; };
		96C9123B183AE4F600F8D9BD /* BannerViewController.m */ = {isa = PBXFileReference; fileEncoding = 4; lastKnownFileType = sourcecode.c.objc; path = BannerViewController.m; sourceTree = "<group>"; };
		96E33D35181B46C50031484D /* libMobClickLibrary.a */ = {isa = PBXFileReference; lastKnownFileType = archive.ar; name = libMobClickLibrary.a; path = Lib/libMobClickLibrary.a; sourceTree = "<group>"; };
		96E33D39181B4D880031484D /* MobClick.h */ = {isa = PBXFileReference; fileEncoding = 4; lastKnownFileType = sourcecode.c.h; name = MobClick.h; path = 3rdSDK/MobClick.h; sourceTree = "<group>"; };
		96E33D3A181B4DC70031484D /* libz.dylib */ = {isa = PBXFileReference; lastKnownFileType = "compiled.mach-o.dylib"; name = libz.dylib; path = usr/lib/libz.dylib; sourceTree = SDKROOT; };
		96E33D3D181B50620031484D /* MobClickHelper.h */ = {isa = PBXFileReference; fileEncoding = 4; lastKnownFileType = sourcecode.c.h; name = MobClickHelper.h; path = 3rdSDK/MobClickHelper.h; sourceTree = "<group>"; };
		96E33D3E181B50620031484D /* MobClickHelper.m */ = {isa = PBXFileReference; fileEncoding = 4; lastKnownFileType = sourcecode.c.objc; name = MobClickHelper.m; path = 3rdSDK/MobClickHelper.m; sourceTree = "<group>"; };
		96F7B6F617BBF6C90098A18E /* ResouceApi.h */ = {isa = PBXFileReference; fileEncoding = 4; lastKnownFileType = sourcecode.c.h; name = ResouceApi.h; path = Download/ResouceApi.h; sourceTree = "<group>"; };
		96F7B6F717BBF6C90098A18E /* ResouceApi.m */ = {isa = PBXFileReference; fileEncoding = 4; lastKnownFileType = sourcecode.c.objc; name = ResouceApi.m; path = Download/ResouceApi.m; sourceTree = "<group>"; };
		96F883A8181967FD0057B1B8 /* UIDevice+Common.h */ = {isa = PBXFileReference; fileEncoding = 4; lastKnownFileType = sourcecode.c.h; name = "UIDevice+Common.h"; path = "Common/UIDevice+Common.h"; sourceTree = "<group>"; };
		96F883A9181967FD0057B1B8 /* UIDevice+Common.m */ = {isa = PBXFileReference; fileEncoding = 4; lastKnownFileType = sourcecode.c.objc; name = "UIDevice+Common.m"; path = "Common/UIDevice+Common.m"; sourceTree = "<group>"; };
		96F883AC18196A940057B1B8 /* AudioToolbox.framework */ = {isa = PBXFileReference; lastKnownFileType = wrapper.framework; name = AudioToolbox.framework; path = System/Library/Frameworks/AudioToolbox.framework; sourceTree = SDKROOT; };
		96F883AE18196B840057B1B8 /* AudioUnit.framework */ = {isa = PBXFileReference; lastKnownFileType = wrapper.framework; name = AudioUnit.framework; path = System/Library/Frameworks/AudioUnit.framework; sourceTree = SDKROOT; };
		96F883B51819709D0057B1B8 /* Setting.h */ = {isa = PBXFileReference; fileEncoding = 4; lastKnownFileType = sourcecode.c.h; name = Setting.h; path = Setting/Setting.h; sourceTree = "<group>"; };
		96F883B61819709D0057B1B8 /* Setting.m */ = {isa = PBXFileReference; fileEncoding = 4; lastKnownFileType = sourcecode.c.objc; name = Setting.m; path = Setting/Setting.m; sourceTree = "<group>"; };
		96FD7209180AF7290002FD00 /* head_1@2x.png */ = {isa = PBXFileReference; lastKnownFileType = image.png; name = "head_1@2x.png"; path = "head/head_1@2x.png"; sourceTree = "<group>"; };
		96FD720B180AF7870002FD00 /* head_48@2x.png */ = {isa = PBXFileReference; lastKnownFileType = image.png; name = "head_48@2x.png"; path = "head/head_48@2x.png"; sourceTree = "<group>"; };
		96FD720C180AF7870002FD00 /* head_33@2x.png */ = {isa = PBXFileReference; lastKnownFileType = image.png; name = "head_33@2x.png"; path = "head/head_33@2x.png"; sourceTree = "<group>"; };
		96FD720D180AF7870002FD00 /* head_34@2x.png */ = {isa = PBXFileReference; lastKnownFileType = image.png; name = "head_34@2x.png"; path = "head/head_34@2x.png"; sourceTree = "<group>"; };
		96FD720E180AF7870002FD00 /* head_35@2x.png */ = {isa = PBXFileReference; lastKnownFileType = image.png; name = "head_35@2x.png"; path = "head/head_35@2x.png"; sourceTree = "<group>"; };
		96FD720F180AF7870002FD00 /* head_36@2x.png */ = {isa = PBXFileReference; lastKnownFileType = image.png; name = "head_36@2x.png"; path = "head/head_36@2x.png"; sourceTree = "<group>"; };
		96FD7210180AF7870002FD00 /* head_37@2x.png */ = {isa = PBXFileReference; lastKnownFileType = image.png; name = "head_37@2x.png"; path = "head/head_37@2x.png"; sourceTree = "<group>"; };
		96FD7211180AF7870002FD00 /* head_38@2x.png */ = {isa = PBXFileReference; lastKnownFileType = image.png; name = "head_38@2x.png"; path = "head/head_38@2x.png"; sourceTree = "<group>"; };
		96FD7212180AF7870002FD00 /* head_39@2x.png */ = {isa = PBXFileReference; lastKnownFileType = image.png; name = "head_39@2x.png"; path = "head/head_39@2x.png"; sourceTree = "<group>"; };
		96FD7213180AF7870002FD00 /* head_40@2x.png */ = {isa = PBXFileReference; lastKnownFileType = image.png; name = "head_40@2x.png"; path = "head/head_40@2x.png"; sourceTree = "<group>"; };
		96FD7214180AF7870002FD00 /* head_41@2x.png */ = {isa = PBXFileReference; lastKnownFileType = image.png; name = "head_41@2x.png"; path = "head/head_41@2x.png"; sourceTree = "<group>"; };
		96FD7215180AF7870002FD00 /* head_42@2x.png */ = {isa = PBXFileReference; lastKnownFileType = image.png; name = "head_42@2x.png"; path = "head/head_42@2x.png"; sourceTree = "<group>"; };
		96FD7216180AF7870002FD00 /* head_43@2x.png */ = {isa = PBXFileReference; lastKnownFileType = image.png; name = "head_43@2x.png"; path = "head/head_43@2x.png"; sourceTree = "<group>"; };
		96FD7217180AF7870002FD00 /* head_44@2x.png */ = {isa = PBXFileReference; lastKnownFileType = image.png; name = "head_44@2x.png"; path = "head/head_44@2x.png"; sourceTree = "<group>"; };
		96FD7218180AF7870002FD00 /* head_45@2x.png */ = {isa = PBXFileReference; lastKnownFileType = image.png; name = "head_45@2x.png"; path = "head/head_45@2x.png"; sourceTree = "<group>"; };
		96FD7219180AF7870002FD00 /* head_46@2x.png */ = {isa = PBXFileReference; lastKnownFileType = image.png; name = "head_46@2x.png"; path = "head/head_46@2x.png"; sourceTree = "<group>"; };
		96FD721A180AF7870002FD00 /* head_47@2x.png */ = {isa = PBXFileReference; lastKnownFileType = image.png; name = "head_47@2x.png"; path = "head/head_47@2x.png"; sourceTree = "<group>"; };
		96FD721B180AF7870002FD00 /* head_19@2x.png */ = {isa = PBXFileReference; lastKnownFileType = image.png; name = "head_19@2x.png"; path = "head/head_19@2x.png"; sourceTree = "<group>"; };
		96FD721C180AF7870002FD00 /* head_20@2x.png */ = {isa = PBXFileReference; lastKnownFileType = image.png; name = "head_20@2x.png"; path = "head/head_20@2x.png"; sourceTree = "<group>"; };
		96FD721D180AF7870002FD00 /* head_21@2x.png */ = {isa = PBXFileReference; lastKnownFileType = image.png; name = "head_21@2x.png"; path = "head/head_21@2x.png"; sourceTree = "<group>"; };
		96FD721E180AF7870002FD00 /* head_22@2x.png */ = {isa = PBXFileReference; lastKnownFileType = image.png; name = "head_22@2x.png"; path = "head/head_22@2x.png"; sourceTree = "<group>"; };
		96FD721F180AF7870002FD00 /* head_23@2x.png */ = {isa = PBXFileReference; lastKnownFileType = image.png; name = "head_23@2x.png"; path = "head/head_23@2x.png"; sourceTree = "<group>"; };
		96FD7220180AF7870002FD00 /* head_24@2x.png */ = {isa = PBXFileReference; lastKnownFileType = image.png; name = "head_24@2x.png"; path = "head/head_24@2x.png"; sourceTree = "<group>"; };
		96FD7221180AF7870002FD00 /* head_25@2x.png */ = {isa = PBXFileReference; lastKnownFileType = image.png; name = "head_25@2x.png"; path = "head/head_25@2x.png"; sourceTree = "<group>"; };
		96FD7222180AF7870002FD00 /* head_26@2x.png */ = {isa = PBXFileReference; lastKnownFileType = image.png; name = "head_26@2x.png"; path = "head/head_26@2x.png"; sourceTree = "<group>"; };
		96FD7223180AF7870002FD00 /* head_27@2x.png */ = {isa = PBXFileReference; lastKnownFileType = image.png; name = "head_27@2x.png"; path = "head/head_27@2x.png"; sourceTree = "<group>"; };
		96FD7224180AF7870002FD00 /* head_28@2x.png */ = {isa = PBXFileReference; lastKnownFileType = image.png; name = "head_28@2x.png"; path = "head/head_28@2x.png"; sourceTree = "<group>"; };
		96FD7225180AF7870002FD00 /* head_29@2x.png */ = {isa = PBXFileReference; lastKnownFileType = image.png; name = "head_29@2x.png"; path = "head/head_29@2x.png"; sourceTree = "<group>"; };
		96FD7226180AF7870002FD00 /* head_30@2x.png */ = {isa = PBXFileReference; lastKnownFileType = image.png; name = "head_30@2x.png"; path = "head/head_30@2x.png"; sourceTree = "<group>"; };
		96FD7227180AF7870002FD00 /* head_31@2x.png */ = {isa = PBXFileReference; lastKnownFileType = image.png; name = "head_31@2x.png"; path = "head/head_31@2x.png"; sourceTree = "<group>"; };
		96FD7228180AF7870002FD00 /* head_32@2x.png */ = {isa = PBXFileReference; lastKnownFileType = image.png; name = "head_32@2x.png"; path = "head/head_32@2x.png"; sourceTree = "<group>"; };
		96FD7229180AF7870002FD00 /* head_6@2x.png */ = {isa = PBXFileReference; lastKnownFileType = image.png; name = "head_6@2x.png"; path = "head/head_6@2x.png"; sourceTree = "<group>"; };
		96FD722A180AF7870002FD00 /* head_7@2x.png */ = {isa = PBXFileReference; lastKnownFileType = image.png; name = "head_7@2x.png"; path = "head/head_7@2x.png"; sourceTree = "<group>"; };
		96FD722B180AF7870002FD00 /* head_8@2x.png */ = {isa = PBXFileReference; lastKnownFileType = image.png; name = "head_8@2x.png"; path = "head/head_8@2x.png"; sourceTree = "<group>"; };
		96FD722C180AF7870002FD00 /* head_9@2x.png */ = {isa = PBXFileReference; lastKnownFileType = image.png; name = "head_9@2x.png"; path = "head/head_9@2x.png"; sourceTree = "<group>"; };
		96FD722D180AF7870002FD00 /* head_10@2x.png */ = {isa = PBXFileReference; lastKnownFileType = image.png; name = "head_10@2x.png"; path = "head/head_10@2x.png"; sourceTree = "<group>"; };
		96FD722E180AF7870002FD00 /* head_11@2x.png */ = {isa = PBXFileReference; lastKnownFileType = image.png; name = "head_11@2x.png"; path = "head/head_11@2x.png"; sourceTree = "<group>"; };
		96FD722F180AF7870002FD00 /* head_12@2x.png */ = {isa = PBXFileReference; lastKnownFileType = image.png; name = "head_12@2x.png"; path = "head/head_12@2x.png"; sourceTree = "<group>"; };
		96FD7230180AF7870002FD00 /* head_13@2x.png */ = {isa = PBXFileReference; lastKnownFileType = image.png; name = "head_13@2x.png"; path = "head/head_13@2x.png"; sourceTree = "<group>"; };
		96FD7231180AF7870002FD00 /* head_14@2x.png */ = {isa = PBXFileReference; lastKnownFileType = image.png; name = "head_14@2x.png"; path = "head/head_14@2x.png"; sourceTree = "<group>"; };
		96FD7232180AF7870002FD00 /* head_15@2x.png */ = {isa = PBXFileReference; lastKnownFileType = image.png; name = "head_15@2x.png"; path = "head/head_15@2x.png"; sourceTree = "<group>"; };
		96FD7233180AF7870002FD00 /* head_16@2x.png */ = {isa = PBXFileReference; lastKnownFileType = image.png; name = "head_16@2x.png"; path = "head/head_16@2x.png"; sourceTree = "<group>"; };
		96FD7234180AF7870002FD00 /* head_17@2x.png */ = {isa = PBXFileReference; lastKnownFileType = image.png; name = "head_17@2x.png"; path = "head/head_17@2x.png"; sourceTree = "<group>"; };
		96FD7235180AF7870002FD00 /* head_18@2x.png */ = {isa = PBXFileReference; lastKnownFileType = image.png; name = "head_18@2x.png"; path = "head/head_18@2x.png"; sourceTree = "<group>"; };
		96FD7236180AF7880002FD00 /* head_2@2x.png */ = {isa = PBXFileReference; lastKnownFileType = image.png; name = "head_2@2x.png"; path = "head/head_2@2x.png"; sourceTree = "<group>"; };
		96FD7237180AF7880002FD00 /* head_3@2x.png */ = {isa = PBXFileReference; lastKnownFileType = image.png; name = "head_3@2x.png"; path = "head/head_3@2x.png"; sourceTree = "<group>"; };
		96FD7238180AF7880002FD00 /* head_4@2x.png */ = {isa = PBXFileReference; lastKnownFileType = image.png; name = "head_4@2x.png"; path = "head/head_4@2x.png"; sourceTree = "<group>"; };
		96FD7239180AF7880002FD00 /* head_5@2x.png */ = {isa = PBXFileReference; lastKnownFileType = image.png; name = "head_5@2x.png"; path = "head/head_5@2x.png"; sourceTree = "<group>"; };
		96FD7269180AF99E0002FD00 /* MyUITableViewCell.h */ = {isa = PBXFileReference; fileEncoding = 4; lastKnownFileType = sourcecode.c.h; path = MyUITableViewCell.h; sourceTree = "<group>"; };
		96FD726A180AF99E0002FD00 /* MyUITableViewCell.m */ = {isa = PBXFileReference; fileEncoding = 4; lastKnownFileType = sourcecode.c.objc; path = MyUITableViewCell.m; sourceTree = "<group>"; };
		B8866C6072864FEAA24A4DB2 /* libPods.a */ = {isa = PBXFileReference; explicitFileType = archive.ar; includeInIndex = 0; path = libPods.a; sourceTree = BUILT_PRODUCTS_DIR; };
/* End PBXFileReference section */

/* Begin PBXFrameworksBuildPhase section */
		967080C817BBE46E00147FD5 /* Frameworks */ = {
			isa = PBXFrameworksBuildPhase;
			buildActionMask = 2147483647;
			files = (
				96E33D3B181B4DC70031484D /* libz.dylib in Frameworks */,
				96E33D37181B4CCF0031484D /* libMobClickLibrary.a in Frameworks */,
				96F883B018196C070057B1B8 /* AudioToolbox.framework in Frameworks */,
				9612237117DB9B6700D27793 /* AVFoundation.framework in Frameworks */,
				9612236417DB903F00D27793 /* QuartzCore.framework in Frameworks */,
				967080CF17BBE46E00147FD5 /* UIKit.framework in Frameworks */,
				967080D117BBE46E00147FD5 /* Foundation.framework in Frameworks */,
				967080D317BBE46E00147FD5 /* CoreGraphics.framework in Frameworks */,
				7D20C5887CD54DC3956F6B6C /* libPods.a in Frameworks */,
			);
			runOnlyForDeploymentPostprocessing = 0;
		};
/* End PBXFrameworksBuildPhase section */

/* Begin PBXGroup section */
		9612235E17DB871E00D27793 /* UI */ = {
			isa = PBXGroup;
			children = (
				969A7057181D358B00DFEDA8 /* MyUITextField.h */,
				969A7058181D358B00DFEDA8 /* MyUITextField.m */,
				9612236817DB930800D27793 /* ShakeImageViewDelegate.h */,
				967080E617BBE46E00147FD5 /* MainStoryboard.storyboard */,
				967080E917BBE46E00147FD5 /* ShakeViewController.h */,
				967080EA17BBE46E00147FD5 /* ShakeViewController.m */,
				961C625F17DA2A4900982CF7 /* DataTableContrller.h */,
				961C626017DA2A4900982CF7 /* DataTableContrller.m */,
				9612236517DB923D00D27793 /* ShakeImageView.h */,
				9612236617DB923D00D27793 /* ShakeImageView.m */,
				969833F817EDEA81007FDB02 /* TabViewController.h */,
				969833F917EDEA81007FDB02 /* TabViewController.m */,
				969833FB17EDF7BC007FDB02 /* BrowserViewController.h */,
				969833FC17EDF7BC007FDB02 /* BrowserViewController.m */,
				969833FE17EDF98C007FDB02 /* UIColor+Hex.h */,
				969833FF17EDF98C007FDB02 /* UIColor+Hex.m */,
				9687E24017EFC01200642E2F /* QBroswerBar.h */,
				9687E24117EFC01200642E2F /* QBroswerBar.m */,
				961705C617F201000074E6BB /* QBroswerBarDelegate.h */,
				96492B0A180A747B00356886 /* HandleTableView.h */,
				96492B0B180A747B00356886 /* HandleTableView.m */,
				96FD7269180AF99E0002FD00 /* MyUITableViewCell.h */,
				96FD726A180AF99E0002FD00 /* MyUITableViewCell.m */,
				967347E3181046130008EC46 /* SearchViewController.h */,
				967347E4181046130008EC46 /* SearchViewController.m */,
				966D3321181581DA00F9963D /* MyUserManager.h */,
				966D3322181581DA00F9963D /* MyUserManager.m */,
				966D3324181581EC00F9963D /* User.h */,
				966D3325181581EC00F9963D /* User.m */,
				969A7042181D241100DFEDA8 /* MyWebView.h */,
				969A7043181D241100DFEDA8 /* MyWebView.m */,
				9699FF031827E3E80090BE88 /* IntruduceViewController.h */,
				9699FF041827E3E80090BE88 /* IntruduceViewController.m */,
				9699FF061827F48F0090BE88 /* IntruducePageController.h */,
				9699FF071827F48F0090BE88 /* IntruducePageController.m */,
				9699FF0C1827F7B20090BE88 /* IntruduceDataSource.h */,
				9699FF0D1827F7B20090BE88 /* IntruduceDataSource.m */,
				96C9123A183AE4F600F8D9BD /* BannerViewController.h */,
				96C9123B183AE4F600F8D9BD /* BannerViewController.m */,
			);
			name = UI;
			sourceTree = "<group>";
		};
		9612235F17DB875800D27793 /* Utils */ = {
			isa = PBXGroup;
			children = (
				9612235B17DB847300D27793 /* QVODHelper.h */,
				9612235C17DB847300D27793 /* QVODHelper.m */,
				9612236D17DB9A7700D27793 /* SoundUtil.h */,
				9612236E17DB9A7700D27793 /* SoundUtil.m */,
				9612237617DC15F000D27793 /* UIUtil.h */,
				9612237717DC15F000D27793 /* UIUtil.m */,
			);
			name = Utils;
			sourceTree = "<group>";
		};
		9612236017DB8B9C00D27793 /* Resource */ = {
			isa = PBXGroup;
			children = (
				9654A66917ED1E9D006E60E4 /* Pic */,
				961EF84617DC1F3C00B74015 /* failed.wav */,
				9612237417DC118800D27793 /* shake_begin.mp3 */,
				9612236B17DB99DD00D27793 /* shake_match.mp3 */,
			);
			name = Resource;
			sourceTree = "<group>";
		};
		9654A66917ED1E9D006E60E4 /* Pic */ = {
			isa = PBXGroup;
			children = (
				9601E968182AAB2C009A0D60 /* Default.png */,
				9601E969182AAB2C009A0D60 /* Default@2x.png */,
				9601E96A182AAB2C009A0D60 /* Default-568h@2x.png */,
				9601E962182AA5DF009A0D60 /* intro1@2x.png */,
				9601E963182AA5DF009A0D60 /* intro2@2x.png */,
				9601E964182AA5DF009A0D60 /* intro3@2x.png */,
				9601E91A182AA2CF009A0D60 /* a_02.png */,
				9601E91B182AA2CF009A0D60 /* a_02@2x.png */,
				9601E91C182AA2CF009A0D60 /* a_05.png */,
				9601E91D182AA2CF009A0D60 /* a_05@2x.png */,
				9601E91E182AA2CF009A0D60 /* a_09.png */,
				9601E91F182AA2CF009A0D60 /* a_09@2x.png */,
				9601E920182AA2CF009A0D60 /* a_11.png */,
				9601E921182AA2CF009A0D60 /* a_11@2x.png */,
				9601E922182AA2CF009A0D60 /* bell.png */,
				9601E923182AA2CF009A0D60 /* bell@2x.png */,
				9601E924182AA2CF009A0D60 /* bg_back@2x.png */,
				9601E925182AA2CF009A0D60 /* bg_home@2x.png */,
				9601E926182AA2CF009A0D60 /* bg_tabbar_indi.png */,
				9601E927182AA2CF009A0D60 /* bg_tabbar_indi@2x.png */,
				9601E928182AA2CF009A0D60 /* bg_tabbar.png */,
				9601E929182AA2CF009A0D60 /* bg_tabbar@2x.png */,
				9601E92A182AA2CF009A0D60 /* bgTxtUrl@2x.png */,
				9601E92B182AA2CF009A0D60 /* clear@2x.png */,
				9601E92F182AA2CF009A0D60 /* frs.png */,
				9601E930182AA2CF009A0D60 /* frs@2x.png */,
				9601E931182AA2CF009A0D60 /* handle_arrow_down@2x.png */,
				9601E932182AA2CF009A0D60 /* handle_arrow_up@2x.png */,
				9601E933182AA2CF009A0D60 /* handle_body@2x.png */,
				9601E934182AA2CF009A0D60 /* Icon-60.png */,
				9601E935182AA2CF009A0D60 /* Icon-60@2x.png */,
				9601E936182AA2CF009A0D60 /* Icon-72.png */,
				9601E937182AA2CF009A0D60 /* Icon-72@2x.png */,
				9601E938182AA2CF009A0D60 /* Icon-76.png */,
				9601E939182AA2CF009A0D60 /* Icon-76@2x.png */,
				9601E93A182AA2CF009A0D60 /* Icon.png */,
				9601E93B182AA2CF009A0D60 /* Icon@2x.png */,
				9601E93C182AA2CF009A0D60 /* nobell.png */,
				9601E93D182AA2CF009A0D60 /* nobell@2x.png */,
				96FD71A2180AF3840002FD00 /* head */,
			);
			name = Pic;
			sourceTree = "<group>";
		};
		967080C217BBE46E00147FD5 = {
			isa = PBXGroup;
			children = (
				967347DF181040D70008EC46 /* Resources-iPad */,
				967080D417BBE46E00147FD5 /* QShake */,
				967080CD17BBE46E00147FD5 /* Frameworks */,
				967080CC17BBE46E00147FD5 /* Products */,
				547ACAEA37E7448A845B8D91 /* Pods.xcconfig */,
				967347E0181040D70008EC46 /* qshake.temp_caseinsensitive_rename copy-Info.plist */,
			);
			sourceTree = "<group>";
		};
		967080CC17BBE46E00147FD5 /* Products */ = {
			isa = PBXGroup;
			children = (
				967080CB17BBE46E00147FD5 /* qshake.temp_caseinsensitive_rename.app */,
			);
			name = Products;
			sourceTree = "<group>";
		};
		967080CD17BBE46E00147FD5 /* Frameworks */ = {
			isa = PBXGroup;
			children = (
				96E33D3A181B4DC70031484D /* libz.dylib */,
				96E33D35181B46C50031484D /* libMobClickLibrary.a */,
				96F883AE18196B840057B1B8 /* AudioUnit.framework */,
				96F883AC18196A940057B1B8 /* AudioToolbox.framework */,
				9612237017DB9B6700D27793 /* AVFoundation.framework */,
				9612236317DB903F00D27793 /* QuartzCore.framework */,
				967080CE17BBE46E00147FD5 /* UIKit.framework */,
				967080D017BBE46E00147FD5 /* Foundation.framework */,
				967080D217BBE46E00147FD5 /* CoreGraphics.framework */,
				B8866C6072864FEAA24A4DB2 /* libPods.a */,
			);
			name = Frameworks;
			sourceTree = "<group>";
		};
		967080D417BBE46E00147FD5 /* QShake */ = {
			isa = PBXGroup;
			children = (
				96E33D38181B4CF30031484D /* 3rdSDK */,
				96F883B4181970890057B1B8 /* Setting */,
				96F883AB181968310057B1B8 /* Common */,
				9612236017DB8B9C00D27793 /* Resource */,
				9612235F17DB875800D27793 /* Utils */,
				9612235E17DB871E00D27793 /* UI */,
				96F7B6F517BBF6A20098A18E /* Service */,
				967080DD17BBE46E00147FD5 /* AppDelegate.h */,
				967080DE17BBE46E00147FD5 /* AppDelegate.m */,
				967080D517BBE46E00147FD5 /* Supporting Files */,
				968CF6C3180B6F8300821E76 /* video_data.plist */,
			);
			name = QShake;
			path = QvodFriend;
			sourceTree = "<group>";
		};
		967080D517BBE46E00147FD5 /* Supporting Files */ = {
			isa = PBXGroup;
			children = (
				967080D617BBE46E00147FD5 /* qshake.temp_caseinsensitive_rename-Info.plist */,
				967080D717BBE46E00147FD5 /* InfoPlist.strings */,
				967080DA17BBE46E00147FD5 /* main.m */,
				967080DC17BBE46E00147FD5 /* qshake.temp_caseinsensitive_rename-Prefix.pch */,
			);
			name = "Supporting Files";
			sourceTree = "<group>";
		};
		967347DF181040D70008EC46 /* Resources-iPad */ = {
			isa = PBXGroup;
			children = (
			);
			name = "Resources-iPad";
			sourceTree = "<group>";
		};
		96E33D38181B4CF30031484D /* 3rdSDK */ = {
			isa = PBXGroup;
			children = (
				96E33D39181B4D880031484D /* MobClick.h */,
				96E33D3D181B50620031484D /* MobClickHelper.h */,
				96E33D3E181B50620031484D /* MobClickHelper.m */,
			);
			name = 3rdSDK;
			sourceTree = "<group>";
		};
		96F7B6F517BBF6A20098A18E /* Service */ = {
			isa = PBXGroup;
			children = (
				96F7B6F617BBF6C90098A18E /* ResouceApi.h */,
				96F7B6F717BBF6C90098A18E /* ResouceApi.m */,
			);
			name = Service;
			sourceTree = "<group>";
		};
		96F883AB181968310057B1B8 /* Common */ = {
			isa = PBXGroup;
			children = (
				96F883A8181967FD0057B1B8 /* UIDevice+Common.h */,
				96F883A9181967FD0057B1B8 /* UIDevice+Common.m */,
			);
			name = Common;
			sourceTree = "<group>";
		};
		96F883B4181970890057B1B8 /* Setting */ = {
			isa = PBXGroup;
			children = (
				96F883B51819709D0057B1B8 /* Setting.h */,
				96F883B61819709D0057B1B8 /* Setting.m */,
			);
			name = Setting;
			sourceTree = "<group>";
		};
		96FD71A2180AF3840002FD00 /* head */ = {
			isa = PBXGroup;
			children = (
				96FD720B180AF7870002FD00 /* head_48@2x.png */,
				96FD720C180AF7870002FD00 /* head_33@2x.png */,
				96FD720D180AF7870002FD00 /* head_34@2x.png */,
				96FD720E180AF7870002FD00 /* head_35@2x.png */,
				96FD720F180AF7870002FD00 /* head_36@2x.png */,
				96FD7210180AF7870002FD00 /* head_37@2x.png */,
				96FD7211180AF7870002FD00 /* head_38@2x.png */,
				96FD7212180AF7870002FD00 /* head_39@2x.png */,
				96FD7213180AF7870002FD00 /* head_40@2x.png */,
				96FD7214180AF7870002FD00 /* head_41@2x.png */,
				96FD7215180AF7870002FD00 /* head_42@2x.png */,
				96FD7216180AF7870002FD00 /* head_43@2x.png */,
				96FD7217180AF7870002FD00 /* head_44@2x.png */,
				96FD7218180AF7870002FD00 /* head_45@2x.png */,
				96FD7219180AF7870002FD00 /* head_46@2x.png */,
				96FD721A180AF7870002FD00 /* head_47@2x.png */,
				96FD721B180AF7870002FD00 /* head_19@2x.png */,
				96FD721C180AF7870002FD00 /* head_20@2x.png */,
				96FD721D180AF7870002FD00 /* head_21@2x.png */,
				96FD721E180AF7870002FD00 /* head_22@2x.png */,
				96FD721F180AF7870002FD00 /* head_23@2x.png */,
				96FD7220180AF7870002FD00 /* head_24@2x.png */,
				96FD7221180AF7870002FD00 /* head_25@2x.png */,
				96FD7222180AF7870002FD00 /* head_26@2x.png */,
				96FD7223180AF7870002FD00 /* head_27@2x.png */,
				96FD7224180AF7870002FD00 /* head_28@2x.png */,
				96FD7225180AF7870002FD00 /* head_29@2x.png */,
				96FD7226180AF7870002FD00 /* head_30@2x.png */,
				96FD7227180AF7870002FD00 /* head_31@2x.png */,
				96FD7228180AF7870002FD00 /* head_32@2x.png */,
				96FD7229180AF7870002FD00 /* head_6@2x.png */,
				96FD722A180AF7870002FD00 /* head_7@2x.png */,
				96FD722B180AF7870002FD00 /* head_8@2x.png */,
				96FD722C180AF7870002FD00 /* head_9@2x.png */,
				96FD722D180AF7870002FD00 /* head_10@2x.png */,
				96FD722E180AF7870002FD00 /* head_11@2x.png */,
				96FD722F180AF7870002FD00 /* head_12@2x.png */,
				96FD7230180AF7870002FD00 /* head_13@2x.png */,
				96FD7231180AF7870002FD00 /* head_14@2x.png */,
				96FD7232180AF7870002FD00 /* head_15@2x.png */,
				96FD7233180AF7870002FD00 /* head_16@2x.png */,
				96FD7234180AF7870002FD00 /* head_17@2x.png */,
				96FD7235180AF7870002FD00 /* head_18@2x.png */,
				96FD7236180AF7880002FD00 /* head_2@2x.png */,
				96FD7237180AF7880002FD00 /* head_3@2x.png */,
				96FD7238180AF7880002FD00 /* head_4@2x.png */,
				96FD7239180AF7880002FD00 /* head_5@2x.png */,
				96FD7209180AF7290002FD00 /* head_1@2x.png */,
			);
			name = head;
			sourceTree = "<group>";
		};
/* End PBXGroup section */

/* Begin PBXNativeTarget section */
		967080CA17BBE46E00147FD5 /* qshake */ = {
			isa = PBXNativeTarget;
			buildConfigurationList = 967080F917BBE46E00147FD5 /* Build configuration list for PBXNativeTarget "qshake" */;
			buildPhases = (
				FA9F41529AA740E3A50C2210 /* Check Pods Manifest.lock */,
				967080C717BBE46E00147FD5 /* Sources */,
				967080C817BBE46E00147FD5 /* Frameworks */,
				967080C917BBE46E00147FD5 /* Resources */,
				88117ED9431B4255868B1457 /* Copy Pods Resources */,
			);
			buildRules = (
			);
			dependencies = (
			);
			name = qshake;
			productName = QvodFriend;
			productReference = 967080CB17BBE46E00147FD5 /* qshake.temp_caseinsensitive_rename.app */;
			productType = "com.apple.product-type.application";
		};
/* End PBXNativeTarget section */

/* Begin PBXProject section */
		967080C317BBE46E00147FD5 /* Project object */ = {
			isa = PBXProject;
			attributes = {
				LastUpgradeCheck = 0460;
				ORGANIZATIONNAME = douzifly;
				TargetAttributes = {
					967080CA17BBE46E00147FD5 = {
						DevelopmentTeam = XD2E43C8BA;
					};
				};
			};
			buildConfigurationList = 967080C617BBE46E00147FD5 /* Build configuration list for PBXProject "QShake" */;
			compatibilityVersion = "Xcode 3.2";
			developmentRegion = English;
			hasScannedForEncodings = 0;
			knownRegions = (
				en,
			);
			mainGroup = 967080C217BBE46E00147FD5;
			productRefGroup = 967080CC17BBE46E00147FD5 /* Products */;
			projectDirPath = "";
			projectRoot = "";
			targets = (
				967080CA17BBE46E00147FD5 /* qshake */,
			);
		};
/* End PBXProject section */

/* Begin PBXResourcesBuildPhase section */
		967080C917BBE46E00147FD5 /* Resources */ = {
			isa = PBXResourcesBuildPhase;
			buildActionMask = 2147483647;
			files = (
				96FD725C180AF7880002FD00 /* head_10@2x.png in Resources */,
				9601E95B182AA2CF009A0D60 /* Icon-72@2x.png in Resources */,
				9601E940182AA2CF009A0D60 /* a_05.png in Resources */,
				9612236C17DB99DD00D27793 /* shake_match.mp3 in Resources */,
				96FD7255180AF7880002FD00 /* head_30@2x.png in Resources */,
				9601E94D182AA2CF009A0D60 /* bg_tabbar@2x.png in Resources */,
				96FD724D180AF7880002FD00 /* head_22@2x.png in Resources */,
				96FD7253180AF7880002FD00 /* head_28@2x.png in Resources */,
				968CF6C4180B6F8300821E76 /* video_data.plist in Resources */,
				9601E960182AA2CF009A0D60 /* nobell.png in Resources */,
				9601E96D182AAB2C009A0D60 /* Default-568h@2x.png in Resources */,
				9601E953182AA2CF009A0D60 /* frs.png in Resources */,
				96FD7256180AF7880002FD00 /* head_31@2x.png in Resources */,
				96FD723C180AF7880002FD00 /* head_34@2x.png in Resources */,
				9601E94A182AA2CF009A0D60 /* bg_tabbar_indi.png in Resources */,
				96FD724C180AF7880002FD00 /* head_21@2x.png in Resources */,
				96FD7240180AF7880002FD00 /* head_38@2x.png in Resources */,
				9601E941182AA2CF009A0D60 /* a_05@2x.png in Resources */,
				96FD7254180AF7880002FD00 /* head_29@2x.png in Resources */,
				9601E955182AA2CF009A0D60 /* handle_arrow_down@2x.png in Resources */,
				96FD725E180AF7880002FD00 /* head_12@2x.png in Resources */,
				96FD7244180AF7880002FD00 /* head_42@2x.png in Resources */,
				9601E942182AA2CF009A0D60 /* a_09.png in Resources */,
				9601E95F182AA2CF009A0D60 /* Icon@2x.png in Resources */,
				96FD7242180AF7880002FD00 /* head_40@2x.png in Resources */,
				967080D917BBE46E00147FD5 /* InfoPlist.strings in Resources */,
				96FD7266180AF7880002FD00 /* head_3@2x.png in Resources */,
				96FD7257180AF7880002FD00 /* head_32@2x.png in Resources */,
				96FD724B180AF7880002FD00 /* head_20@2x.png in Resources */,
				9601E949182AA2CF009A0D60 /* bg_home@2x.png in Resources */,
				9601E93E182AA2CF009A0D60 /* a_02.png in Resources */,
				96FD724E180AF7880002FD00 /* head_23@2x.png in Resources */,
				96FD7267180AF7880002FD00 /* head_4@2x.png in Resources */,
				9601E94C182AA2CF009A0D60 /* bg_tabbar.png in Resources */,
				96FD7268180AF7880002FD00 /* head_5@2x.png in Resources */,
				961EF84717DC1F3C00B74015 /* failed.wav in Resources */,
				9601E94B182AA2CF009A0D60 /* bg_tabbar_indi@2x.png in Resources */,
				96FD7262180AF7880002FD00 /* head_16@2x.png in Resources */,
				96FD723D180AF7880002FD00 /* head_35@2x.png in Resources */,
				9601E958182AA2CF009A0D60 /* Icon-60.png in Resources */,
				9601E95C182AA2CF009A0D60 /* Icon-76.png in Resources */,
				96FD7260180AF7880002FD00 /* head_14@2x.png in Resources */,
				96FD724F180AF7880002FD00 /* head_24@2x.png in Resources */,
				9601E956182AA2CF009A0D60 /* handle_arrow_up@2x.png in Resources */,
				9601E94F182AA2CF009A0D60 /* clear@2x.png in Resources */,
				9601E95D182AA2CF009A0D60 /* Icon-76@2x.png in Resources */,
				96FD7252180AF7880002FD00 /* head_27@2x.png in Resources */,
				96FD7259180AF7880002FD00 /* head_7@2x.png in Resources */,
				9601E948182AA2CF009A0D60 /* bg_back@2x.png in Resources */,
				9601E954182AA2CF009A0D60 /* frs@2x.png in Resources */,
				96FD7251180AF7880002FD00 /* head_26@2x.png in Resources */,
				96FD723A180AF7880002FD00 /* head_48@2x.png in Resources */,
				9601E93F182AA2CF009A0D60 /* a_02@2x.png in Resources */,
				96FD720A180AF7290002FD00 /* head_1@2x.png in Resources */,
				9601E957182AA2CF009A0D60 /* handle_body@2x.png in Resources */,
				9601E965182AA5DF009A0D60 /* intro1@2x.png in Resources */,
				96FD723E180AF7880002FD00 /* head_36@2x.png in Resources */,
				9601E967182AA5DF009A0D60 /* intro3@2x.png in Resources */,
				9601E946182AA2CF009A0D60 /* bell.png in Resources */,
				96FD725F180AF7880002FD00 /* head_13@2x.png in Resources */,
				96FD7258180AF7880002FD00 /* head_6@2x.png in Resources */,
				9601E95A182AA2CF009A0D60 /* Icon-72.png in Resources */,
				96FD7261180AF7880002FD00 /* head_15@2x.png in Resources */,
				9612237517DC118800D27793 /* shake_begin.mp3 in Resources */,
				96FD725D180AF7880002FD00 /* head_11@2x.png in Resources */,
				96FD723B180AF7880002FD00 /* head_33@2x.png in Resources */,
				96FD7241180AF7880002FD00 /* head_39@2x.png in Resources */,
				9601E96B182AAB2C009A0D60 /* Default.png in Resources */,
				96FD7246180AF7880002FD00 /* head_44@2x.png in Resources */,
				96FD724A180AF7880002FD00 /* head_19@2x.png in Resources */,
				96FD7243180AF7880002FD00 /* head_41@2x.png in Resources */,
				9601E944182AA2CF009A0D60 /* a_11.png in Resources */,
				96FD7264180AF7880002FD00 /* head_18@2x.png in Resources */,
				9601E95E182AA2CF009A0D60 /* Icon.png in Resources */,
				9601E959182AA2CF009A0D60 /* Icon-60@2x.png in Resources */,
				96FD7245180AF7880002FD00 /* head_43@2x.png in Resources */,
				96FD7265180AF7880002FD00 /* head_2@2x.png in Resources */,
				9601E943182AA2CF009A0D60 /* a_09@2x.png in Resources */,
				96FD7247180AF7880002FD00 /* head_45@2x.png in Resources */,
				9601E961182AA2CF009A0D60 /* nobell@2x.png in Resources */,
				96FD725B180AF7880002FD00 /* head_9@2x.png in Resources */,
				9601E947182AA2CF009A0D60 /* bell@2x.png in Resources */,
				9601E945182AA2CF009A0D60 /* a_11@2x.png in Resources */,
				96FD7250180AF7880002FD00 /* head_25@2x.png in Resources */,
				9601E966182AA5DF009A0D60 /* intro2@2x.png in Resources */,
				96FD7249180AF7880002FD00 /* head_47@2x.png in Resources */,
				967080E817BBE46E00147FD5 /* MainStoryboard.storyboard in Resources */,
				96FD723F180AF7880002FD00 /* head_37@2x.png in Resources */,
				96FD725A180AF7880002FD00 /* head_8@2x.png in Resources */,
				9601E94E182AA2CF009A0D60 /* bgTxtUrl@2x.png in Resources */,
				96FD7248180AF7880002FD00 /* head_46@2x.png in Resources */,
				96FD7263180AF7880002FD00 /* head_17@2x.png in Resources */,
				9601E96C182AAB2C009A0D60 /* Default@2x.png in Resources */,
			);
			runOnlyForDeploymentPostprocessing = 0;
		};
/* End PBXResourcesBuildPhase section */

/* Begin PBXShellScriptBuildPhase section */
		88117ED9431B4255868B1457 /* Copy Pods Resources */ = {
			isa = PBXShellScriptBuildPhase;
			buildActionMask = 2147483647;
			files = (
			);
			inputPaths = (
			);
			name = "Copy Pods Resources";
			outputPaths = (
			);
			runOnlyForDeploymentPostprocessing = 0;
			shellPath = /bin/sh;
			shellScript = "\"${SRCROOT}/Pods/Pods-resources.sh\"\n";
			showEnvVarsInLog = 0;
		};
		FA9F41529AA740E3A50C2210 /* Check Pods Manifest.lock */ = {
			isa = PBXShellScriptBuildPhase;
			buildActionMask = 2147483647;
			files = (
			);
			inputPaths = (
			);
			name = "Check Pods Manifest.lock";
			outputPaths = (
			);
			runOnlyForDeploymentPostprocessing = 0;
			shellPath = /bin/sh;
			shellScript = "diff \"${PODS_ROOT}/../Podfile.lock\" \"${PODS_ROOT}/Manifest.lock\" > /dev/null\nif [[ $? != 0 ]] ; then\n    cat << EOM\nerror: The sandbox is not in sync with the Podfile.lock. Run 'pod install' or update your CocoaPods installation.\nEOM\n    exit 1\nfi\n";
			showEnvVarsInLog = 0;
		};
/* End PBXShellScriptBuildPhase section */

/* Begin PBXSourcesBuildPhase section */
		967080C717BBE46E00147FD5 /* Sources */ = {
			isa = PBXSourcesBuildPhase;
			buildActionMask = 2147483647;
			files = (
				967080DB17BBE46E00147FD5 /* main.m in Sources */,
				9698340017EDF98C007FDB02 /* UIColor+Hex.m in Sources */,
				9612236717DB923D00D27793 /* ShakeImageView.m in Sources */,
				9687E24217EFC01200642E2F /* QBroswerBar.m in Sources */,
				9699FF0E1827F7B20090BE88 /* IntruduceDataSource.m in Sources */,
				96C9123C183AE4F600F8D9BD /* BannerViewController.m in Sources */,
				969A7044181D241100DFEDA8 /* MyWebView.m in Sources */,
				967347E5181046130008EC46 /* SearchViewController.m in Sources */,
				969A7059181D358B00DFEDA8 /* MyUITextField.m in Sources */,
				96FD726B180AF99E0002FD00 /* MyUITableViewCell.m in Sources */,
				9612237817DC15F000D27793 /* UIUtil.m in Sources */,
				96492B0C180A747B00356886 /* HandleTableView.m in Sources */,
				961C626117DA2A4900982CF7 /* DataTableContrller.m in Sources */,
				966D3323181581DA00F9963D /* MyUserManager.m in Sources */,
				969833FA17EDEA81007FDB02 /* TabViewController.m in Sources */,
				96F883AA181967FD0057B1B8 /* UIDevice+Common.m in Sources */,
				9699FF051827E3E80090BE88 /* IntruduceViewController.m in Sources */,
				969833FD17EDF7BC007FDB02 /* BrowserViewController.m in Sources */,
				96F883B71819709D0057B1B8 /* Setting.m in Sources */,
				967080DF17BBE46E00147FD5 /* AppDelegate.m in Sources */,
				967080EB17BBE46E00147FD5 /* ShakeViewController.m in Sources */,
				966D3326181581EC00F9963D /* User.m in Sources */,
				9699FF081827F48F0090BE88 /* IntruducePageController.m in Sources */,
				9612236F17DB9A7700D27793 /* SoundUtil.m in Sources */,
				9612235D17DB847300D27793 /* QVODHelper.m in Sources */,
				96F7B6F817BBF6C90098A18E /* ResouceApi.m in Sources */,
				96E33D3F181B50620031484D /* MobClickHelper.m in Sources */,
			);
			runOnlyForDeploymentPostprocessing = 0;
		};
/* End PBXSourcesBuildPhase section */

/* Begin PBXVariantGroup section */
		967080D717BBE46E00147FD5 /* InfoPlist.strings */ = {
			isa = PBXVariantGroup;
			children = (
				967080D817BBE46E00147FD5 /* en */,
			);
			name = InfoPlist.strings;
			sourceTree = "<group>";
		};
		967080E617BBE46E00147FD5 /* MainStoryboard.storyboard */ = {
			isa = PBXVariantGroup;
			children = (
				967080E717BBE46E00147FD5 /* en */,
			);
			name = MainStoryboard.storyboard;
			sourceTree = "<group>";
		};
/* End PBXVariantGroup section */

/* Begin XCBuildConfiguration section */
		967080F717BBE46E00147FD5 /* Debug */ = {
			isa = XCBuildConfiguration;
			buildSettings = {
				ALWAYS_SEARCH_USER_PATHS = NO;
				CLANG_CXX_LANGUAGE_STANDARD = "gnu++0x";
				CLANG_CXX_LIBRARY = "libc++";
				CLANG_ENABLE_OBJC_ARC = YES;
				CLANG_WARN_CONSTANT_CONVERSION = YES;
				CLANG_WARN_EMPTY_BODY = YES;
				CLANG_WARN_ENUM_CONVERSION = YES;
				CLANG_WARN_INT_CONVERSION = YES;
				CLANG_WARN__DUPLICATE_METHOD_MATCH = YES;
				"CODE_SIGN_IDENTITY[sdk=iphoneos*]" = "iPhone Developer";
				COPY_PHASE_STRIP = NO;
				GCC_C_LANGUAGE_STANDARD = gnu99;
				GCC_DYNAMIC_NO_PIC = NO;
				GCC_OPTIMIZATION_LEVEL = 0;
				GCC_PREPROCESSOR_DEFINITIONS = (
					"DEBUG=1",
					"$(inherited)",
				);
				GCC_SYMBOLS_PRIVATE_EXTERN = NO;
				GCC_WARN_ABOUT_RETURN_TYPE = YES;
				GCC_WARN_UNINITIALIZED_AUTOS = YES;
				GCC_WARN_UNUSED_VARIABLE = YES;
				IPHONEOS_DEPLOYMENT_TARGET = 6.1;
				ONLY_ACTIVE_ARCH = YES;
				PROVISIONING_PROFILE = "FCF0B7A8-E173-4E1B-8327-476F60004F00";
				SDKROOT = iphoneos;
			};
			name = Debug;
		};
		967080F817BBE46E00147FD5 /* Release */ = {
			isa = XCBuildConfiguration;
			buildSettings = {
				ALWAYS_SEARCH_USER_PATHS = NO;
				CLANG_CXX_LANGUAGE_STANDARD = "gnu++0x";
				CLANG_CXX_LIBRARY = "libc++";
				CLANG_ENABLE_OBJC_ARC = YES;
				CLANG_WARN_CONSTANT_CONVERSION = YES;
				CLANG_WARN_EMPTY_BODY = YES;
				CLANG_WARN_ENUM_CONVERSION = YES;
				CLANG_WARN_INT_CONVERSION = YES;
				CLANG_WARN__DUPLICATE_METHOD_MATCH = YES;
				"CODE_SIGN_IDENTITY[sdk=iphoneos*]" = "iPhone Developer";
				COPY_PHASE_STRIP = YES;
				GCC_C_LANGUAGE_STANDARD = gnu99;
				GCC_WARN_ABOUT_RETURN_TYPE = YES;
				GCC_WARN_UNINITIALIZED_AUTOS = YES;
				GCC_WARN_UNUSED_VARIABLE = YES;
				IPHONEOS_DEPLOYMENT_TARGET = 6.1;
				OTHER_CFLAGS = "-DNS_BLOCK_ASSERTIONS=1";
				PROVISIONING_PROFILE = "FCF0B7A8-E173-4E1B-8327-476F60004F00";
				SDKROOT = iphoneos;
				VALIDATE_PRODUCT = YES;
			};
			name = Release;
		};
		967080FA17BBE46E00147FD5 /* Debug */ = {
			isa = XCBuildConfiguration;
			baseConfigurationReference = 547ACAEA37E7448A845B8D91 /* Pods.xcconfig */;
			buildSettings = {
				CODE_SIGN_IDENTITY = "iPhone Developer: 小 元 (RBE95TU4V9)";
				"CODE_SIGN_IDENTITY[sdk=iphoneos*]" = "iPhone Developer: 小 元 (RBE95TU4V9)";
				GCC_PRECOMPILE_PREFIX_HEADER = YES;
				GCC_PREFIX_HEADER = "QvodFriend/qshake.temp_caseinsensitive_rename-Prefix.pch";
				INFOPLIST_FILE = "QvodFriend/qshake.temp_caseinsensitive_rename-Info.plist";
				IPHONEOS_DEPLOYMENT_TARGET = 5.0;
				LIBRARY_SEARCH_PATHS = (
					"$(inherited)",
					/Users/douzifly/dev/workspace/QvodFriend/Lib,
				);
				PRODUCT_NAME = qshake.temp_caseinsensitive_rename;
				PROVISIONING_PROFILE = "FCF0B7A8-E173-4E1B-8327-476F60004F00";
				TARGETED_DEVICE_FAMILY = 1;
				WRAPPER_EXTENSION = app;
			};
			name = Debug;
		};
		967080FB17BBE46E00147FD5 /* Release */ = {
			isa = XCBuildConfiguration;
			baseConfigurationReference = 547ACAEA37E7448A845B8D91 /* Pods.xcconfig */;
			buildSettings = {
				CODE_SIGN_IDENTITY = "iPhone Developer: 小 元 (RBE95TU4V9)";
				"CODE_SIGN_IDENTITY[sdk=iphoneos*]" = "iPhone Developer: 小 元 (RBE95TU4V9)";
				GCC_PRECOMPILE_PREFIX_HEADER = YES;
				GCC_PREFIX_HEADER = "QvodFriend/qshake.temp_caseinsensitive_rename-Prefix.pch";
				INFOPLIST_FILE = "QvodFriend/qshake.temp_caseinsensitive_rename-Info.plist";
				IPHONEOS_DEPLOYMENT_TARGET = 5.0;
				LIBRARY_SEARCH_PATHS = (
					"$(inherited)",
					/Users/douzifly/dev/workspace/QvodFriend/Lib,
				);
				PRODUCT_NAME = qshake.temp_caseinsensitive_rename;
				PROVISIONING_PROFILE = "FCF0B7A8-E173-4E1B-8327-476F60004F00";
				TARGETED_DEVICE_FAMILY = 1;
				WRAPPER_EXTENSION = app;
			};
			name = Release;
		};
/* End XCBuildConfiguration section */

/* Begin XCConfigurationList section */
		967080C617BBE46E00147FD5 /* Build configuration list for PBXProject "QShake" */ = {
			isa = XCConfigurationList;
			buildConfigurations = (
				967080F717BBE46E00147FD5 /* Debug */,
				967080F817BBE46E00147FD5 /* Release */,
			);
			defaultConfigurationIsVisible = 0;
			defaultConfigurationName = Release;
		};
		967080F917BBE46E00147FD5 /* Build configuration list for PBXNativeTarget "qshake" */ = {
			isa = XCConfigurationList;
			buildConfigurations = (
				967080FA17BBE46E00147FD5 /* Debug */,
				967080FB17BBE46E00147FD5 /* Release */,
			);
			defaultConfigurationIsVisible = 0;
			defaultConfigurationName = Release;
		};
/* End XCConfigurationList section */
	};
	rootObject = 967080C317BBE46E00147FD5 /* Project object */;
}
